// !$*UTF8*$!
{
	archiveVersion = 1;
	classes = {
	};
	objectVersion = 50;
	objects = {

/* Begin PBXBuildFile section */
		2B310E302169401E00EBAEA2 /* AppDelegate.swift in Sources */ = {isa = PBXBuildFile; fileRef = 2B310E2F2169401E00EBAEA2 /* AppDelegate.swift */; };
		2B310E322169401E00EBAEA2 /* ViewController.swift in Sources */ = {isa = PBXBuildFile; fileRef = 2B310E312169401E00EBAEA2 /* ViewController.swift */; };
		2B310E352169401E00EBAEA2 /* Main.storyboard in Resources */ = {isa = PBXBuildFile; fileRef = 2B310E332169401E00EBAEA2 /* Main.storyboard */; };
		2B310E372169401F00EBAEA2 /* Assets.xcassets in Resources */ = {isa = PBXBuildFile; fileRef = 2B310E362169401F00EBAEA2 /* Assets.xcassets */; };
		2B310E3A2169401F00EBAEA2 /* LaunchScreen.storyboard in Resources */ = {isa = PBXBuildFile; fileRef = 2B310E382169401F00EBAEA2 /* LaunchScreen.storyboard */; };
<<<<<<< HEAD
		6E14117121942BA90081CFB9 /* Category.swift in Sources */ = {isa = PBXBuildFile; fileRef = 6E14117021942BA90081CFB9 /* Category.swift */; };
		6E14117321942BC00081CFB9 /* Product.swift in Sources */ = {isa = PBXBuildFile; fileRef = 6E14117221942BC00081CFB9 /* Product.swift */; };
		6E9BA2D3219AC6EE00742519 /* ProductTableViewController.swift in Sources */ = {isa = PBXBuildFile; fileRef = 6E9BA2D2219AC6EE00742519 /* ProductTableViewController.swift */; };
		6E9BA2D7219AC99200742519 /* ProductTableViewCell.swift in Sources */ = {isa = PBXBuildFile; fileRef = 6E9BA2D6219AC99200742519 /* ProductTableViewCell.swift */; };
		6EB94039219B11FC003EB31C /* ProductEditTableViewController.swift in Sources */ = {isa = PBXBuildFile; fileRef = 6EB94038219B11FB003EB31C /* ProductEditTableViewController.swift */; };
=======
		53F84F91B63A5B5255392173 /* Pods_DrinkShopStore_IOS.framework in Frameworks */ = {isa = PBXBuildFile; fileRef = 90B2BF4052AA2B4E74DA8170 /* Pods_DrinkShopStore_IOS.framework */; };
>>>>>>> 24f27a87b28bdae800481b9cb90886605dbe4a89
		7B2B0179218D5FDA00FE1469 /* Activity.storyboard in Resources */ = {isa = PBXBuildFile; fileRef = 7B2B0178218D5FDA00FE1469 /* Activity.storyboard */; };
		7B2B017B218D7E9E00FE1469 /* ActivitiesListTableViewController.swift in Sources */ = {isa = PBXBuildFile; fileRef = 7B2B017A218D7E9E00FE1469 /* ActivitiesListTableViewController.swift */; };
		7B99ECA9219D4AC000CF4838 /* img_product_drink_shop.png in Resources */ = {isa = PBXBuildFile; fileRef = 7B99ECA8219D4AC000CF4838 /* img_product_drink_shop.png */; };
		7BA06098219D53CC00F08645 /* Common.swift in Sources */ = {isa = PBXBuildFile; fileRef = 7BA06097219D53CC00F08645 /* Common.swift */; };
		7BAD1B78218D8F1A00D66B0C /* ActivitiesTableViewController.swift in Sources */ = {isa = PBXBuildFile; fileRef = 7BAD1B77218D8F1A00D66B0C /* ActivitiesTableViewController.swift */; };
		7BAD1B7A218D93D800D66B0C /* Activity.swift in Sources */ = {isa = PBXBuildFile; fileRef = 7BAD1B79218D93D800D66B0C /* Activity.swift */; };
		7BAD1B7C218D96E400D66B0C /* UIImage+Resize.swift in Sources */ = {isa = PBXBuildFile; fileRef = 7BAD1B7B218D96E400D66B0C /* UIImage+Resize.swift */; };
		7BAD1BBE2191B65500D66B0C /* ActivitiesTableViewCell.swift in Sources */ = {isa = PBXBuildFile; fileRef = 7BAD1BBD2191B65500D66B0C /* ActivitiesTableViewCell.swift */; };
		7BFE72AA219210A5006C700B /* Communicator.swift in Sources */ = {isa = PBXBuildFile; fileRef = 7BFE72A9219210A5006C700B /* Communicator.swift */; };
		7BFE72B62192E30D006C700B /* photo-camera.png in Resources */ = {isa = PBXBuildFile; fileRef = 7BFE72B52192E30C006C700B /* photo-camera.png */; };
		7BFE72C421941E0D006C700B /* Order.storyboard in Resources */ = {isa = PBXBuildFile; fileRef = 7BFE72C321941E0D006C700B /* Order.storyboard */; };
		7BFE72C621941E19006C700B /* Product.storyboard in Resources */ = {isa = PBXBuildFile; fileRef = 7BFE72C521941E19006C700B /* Product.storyboard */; };
		8B197672EB2D512D532B3A42 /* Pods_DrinkShopStore_IOS.framework in Frameworks */ = {isa = PBXBuildFile; fileRef = 669AAC6382993E52A34828F9 /* Pods_DrinkShopStore_IOS.framework */; };
/* End PBXBuildFile section */

/* Begin PBXFileReference section */
		21D7B564374038BB50DB5B0D /* Pods-DrinkShopStore_IOS.release.xcconfig */ = {isa = PBXFileReference; includeInIndex = 1; lastKnownFileType = text.xcconfig; name = "Pods-DrinkShopStore_IOS.release.xcconfig"; path = "Pods/Target Support Files/Pods-DrinkShopStore_IOS/Pods-DrinkShopStore_IOS.release.xcconfig"; sourceTree = "<group>"; };
		2B310E2C2169401E00EBAEA2 /* DrinkShopStore_IOS.app */ = {isa = PBXFileReference; explicitFileType = wrapper.application; includeInIndex = 0; path = DrinkShopStore_IOS.app; sourceTree = BUILT_PRODUCTS_DIR; };
		2B310E2F2169401E00EBAEA2 /* AppDelegate.swift */ = {isa = PBXFileReference; lastKnownFileType = sourcecode.swift; path = AppDelegate.swift; sourceTree = "<group>"; };
		2B310E312169401E00EBAEA2 /* ViewController.swift */ = {isa = PBXFileReference; lastKnownFileType = sourcecode.swift; path = ViewController.swift; sourceTree = "<group>"; };
		2B310E342169401E00EBAEA2 /* Base */ = {isa = PBXFileReference; lastKnownFileType = file.storyboard; name = Base; path = Base.lproj/Main.storyboard; sourceTree = "<group>"; };
		2B310E362169401F00EBAEA2 /* Assets.xcassets */ = {isa = PBXFileReference; lastKnownFileType = folder.assetcatalog; path = Assets.xcassets; sourceTree = "<group>"; };
		2B310E392169401F00EBAEA2 /* Base */ = {isa = PBXFileReference; lastKnownFileType = file.storyboard; name = Base; path = Base.lproj/LaunchScreen.storyboard; sourceTree = "<group>"; };
		2B310E3B2169401F00EBAEA2 /* Info.plist */ = {isa = PBXFileReference; lastKnownFileType = text.plist.xml; path = Info.plist; sourceTree = "<group>"; };
<<<<<<< HEAD
		669AAC6382993E52A34828F9 /* Pods_DrinkShopStore_IOS.framework */ = {isa = PBXFileReference; explicitFileType = wrapper.framework; includeInIndex = 0; path = Pods_DrinkShopStore_IOS.framework; sourceTree = BUILT_PRODUCTS_DIR; };
		6E14117021942BA90081CFB9 /* Category.swift */ = {isa = PBXFileReference; lastKnownFileType = sourcecode.swift; path = Category.swift; sourceTree = "<group>"; };
		6E14117221942BC00081CFB9 /* Product.swift */ = {isa = PBXFileReference; lastKnownFileType = sourcecode.swift; path = Product.swift; sourceTree = "<group>"; };
		6E9BA2D2219AC6EE00742519 /* ProductTableViewController.swift */ = {isa = PBXFileReference; fileEncoding = 4; lastKnownFileType = sourcecode.swift; path = ProductTableViewController.swift; sourceTree = "<group>"; };
		6E9BA2D6219AC99200742519 /* ProductTableViewCell.swift */ = {isa = PBXFileReference; fileEncoding = 4; lastKnownFileType = sourcecode.swift; path = ProductTableViewCell.swift; sourceTree = "<group>"; };
		6EB94038219B11FB003EB31C /* ProductEditTableViewController.swift */ = {isa = PBXFileReference; fileEncoding = 4; lastKnownFileType = sourcecode.swift; path = ProductEditTableViewController.swift; sourceTree = "<group>"; };
=======
		61F943113FF78D50223822F4 /* Pods-DrinkShopStore_IOS.debug.xcconfig */ = {isa = PBXFileReference; includeInIndex = 1; lastKnownFileType = text.xcconfig; name = "Pods-DrinkShopStore_IOS.debug.xcconfig"; path = "Pods/Target Support Files/Pods-DrinkShopStore_IOS/Pods-DrinkShopStore_IOS.debug.xcconfig"; sourceTree = "<group>"; };
>>>>>>> 24f27a87b28bdae800481b9cb90886605dbe4a89
		7B2B0178218D5FDA00FE1469 /* Activity.storyboard */ = {isa = PBXFileReference; lastKnownFileType = file.storyboard; path = Activity.storyboard; sourceTree = "<group>"; };
		7B2B017A218D7E9E00FE1469 /* ActivitiesListTableViewController.swift */ = {isa = PBXFileReference; lastKnownFileType = sourcecode.swift; path = ActivitiesListTableViewController.swift; sourceTree = "<group>"; };
		7B99ECA8219D4AC000CF4838 /* img_product_drink_shop.png */ = {isa = PBXFileReference; lastKnownFileType = image.png; path = img_product_drink_shop.png; sourceTree = "<group>"; };
		7BA06097219D53CC00F08645 /* Common.swift */ = {isa = PBXFileReference; fileEncoding = 4; lastKnownFileType = sourcecode.swift; path = Common.swift; sourceTree = "<group>"; };
		7BAD1B77218D8F1A00D66B0C /* ActivitiesTableViewController.swift */ = {isa = PBXFileReference; lastKnownFileType = sourcecode.swift; path = ActivitiesTableViewController.swift; sourceTree = "<group>"; };
		7BAD1B79218D93D800D66B0C /* Activity.swift */ = {isa = PBXFileReference; lastKnownFileType = sourcecode.swift; path = Activity.swift; sourceTree = "<group>"; };
		7BAD1B7B218D96E400D66B0C /* UIImage+Resize.swift */ = {isa = PBXFileReference; lastKnownFileType = sourcecode.swift; path = "UIImage+Resize.swift"; sourceTree = "<group>"; };
		7BAD1BBD2191B65500D66B0C /* ActivitiesTableViewCell.swift */ = {isa = PBXFileReference; lastKnownFileType = sourcecode.swift; path = ActivitiesTableViewCell.swift; sourceTree = "<group>"; };
		7BFE72A9219210A5006C700B /* Communicator.swift */ = {isa = PBXFileReference; lastKnownFileType = sourcecode.swift; path = Communicator.swift; sourceTree = "<group>"; };
		7BFE72B52192E30C006C700B /* photo-camera.png */ = {isa = PBXFileReference; lastKnownFileType = image.png; path = "photo-camera.png"; sourceTree = "<group>"; };
		7BFE72C321941E0D006C700B /* Order.storyboard */ = {isa = PBXFileReference; lastKnownFileType = file.storyboard; path = Order.storyboard; sourceTree = "<group>"; };
		7BFE72C521941E19006C700B /* Product.storyboard */ = {isa = PBXFileReference; lastKnownFileType = file.storyboard; path = Product.storyboard; sourceTree = "<group>"; };
<<<<<<< HEAD
		B759144AEEAACC6CD3303417 /* Pods-DrinkShopStore_IOS.debug.xcconfig */ = {isa = PBXFileReference; includeInIndex = 1; lastKnownFileType = text.xcconfig; name = "Pods-DrinkShopStore_IOS.debug.xcconfig"; path = "Pods/Target Support Files/Pods-DrinkShopStore_IOS/Pods-DrinkShopStore_IOS.debug.xcconfig"; sourceTree = "<group>"; };
		CCBC2FD3C2F8D202A05664A8 /* Pods-DrinkShopStore_IOS.release.xcconfig */ = {isa = PBXFileReference; includeInIndex = 1; lastKnownFileType = text.xcconfig; name = "Pods-DrinkShopStore_IOS.release.xcconfig"; path = "Pods/Target Support Files/Pods-DrinkShopStore_IOS/Pods-DrinkShopStore_IOS.release.xcconfig"; sourceTree = "<group>"; };
=======
		90B2BF4052AA2B4E74DA8170 /* Pods_DrinkShopStore_IOS.framework */ = {isa = PBXFileReference; explicitFileType = wrapper.framework; includeInIndex = 0; path = Pods_DrinkShopStore_IOS.framework; sourceTree = BUILT_PRODUCTS_DIR; };
>>>>>>> 24f27a87b28bdae800481b9cb90886605dbe4a89
/* End PBXFileReference section */

/* Begin PBXFrameworksBuildPhase section */
		2B310E292169401E00EBAEA2 /* Frameworks */ = {
			isa = PBXFrameworksBuildPhase;
			buildActionMask = 2147483647;
			files = (
<<<<<<< HEAD
				8B197672EB2D512D532B3A42 /* Pods_DrinkShopStore_IOS.framework in Frameworks */,
=======
				53F84F91B63A5B5255392173 /* Pods_DrinkShopStore_IOS.framework in Frameworks */,
>>>>>>> 24f27a87b28bdae800481b9cb90886605dbe4a89
			);
			runOnlyForDeploymentPostprocessing = 0;
		};
/* End PBXFrameworksBuildPhase section */

/* Begin PBXGroup section */
		11AF1C4CDB3765BE9CDA5B5F /* Pods */ = {
			isa = PBXGroup;
			children = (
				B759144AEEAACC6CD3303417 /* Pods-DrinkShopStore_IOS.debug.xcconfig */,
				CCBC2FD3C2F8D202A05664A8 /* Pods-DrinkShopStore_IOS.release.xcconfig */,
			);
			name = Pods;
			sourceTree = "<group>";
		};
		2B310E232169401E00EBAEA2 = {
			isa = PBXGroup;
			children = (
				2B310E2E2169401E00EBAEA2 /* DrinkShopStore_IOS */,
				2B310E2D2169401E00EBAEA2 /* Products */,
<<<<<<< HEAD
				11AF1C4CDB3765BE9CDA5B5F /* Pods */,
				C2EB69382A9818C3FD884B93 /* Frameworks */,
=======
				4C2784CF27E49B5043AB73C5 /* Pods */,
				DB775BB3686EFF76E437AF56 /* Frameworks */,
>>>>>>> 24f27a87b28bdae800481b9cb90886605dbe4a89
			);
			sourceTree = "<group>";
		};
		2B310E2D2169401E00EBAEA2 /* Products */ = {
			isa = PBXGroup;
			children = (
				2B310E2C2169401E00EBAEA2 /* DrinkShopStore_IOS.app */,
			);
			name = Products;
			sourceTree = "<group>";
		};
		2B310E2E2169401E00EBAEA2 /* DrinkShopStore_IOS */ = {
			isa = PBXGroup;
			children = (
				2B310E3B2169401F00EBAEA2 /* Info.plist */,
				2B310E362169401F00EBAEA2 /* Assets.xcassets */,
				2B310E382169401F00EBAEA2 /* LaunchScreen.storyboard */,
				7BFE72BA2193F2CA006C700B /* Activity */,
				7BFE72BC2193F332006C700B /* Common */,
				7BFE72B92193F2C2006C700B /* Product */,
				7BFE72BB2193F32A006C700B /* Order */,
			);
			path = DrinkShopStore_IOS;
			sourceTree = "<group>";
		};
<<<<<<< HEAD
		6E14116C21942A3D0081CFB9 /* Model */ = {
			isa = PBXGroup;
			children = (
			);
			path = Model;
			sourceTree = "<group>";
		};
		6E14116D21942A790081CFB9 /* Model */ = {
			isa = PBXGroup;
			children = (
				6E14117021942BA90081CFB9 /* Category.swift */,
				6E14117221942BC00081CFB9 /* Product.swift */,
			);
			path = Model;
			sourceTree = "<group>";
		};
		6E14116E21942A8E0081CFB9 /* Controller */ = {
			isa = PBXGroup;
			children = (
			);
			path = Controller;
			sourceTree = "<group>";
		};
		6E14116F21942A930081CFB9 /* Controller */ = {
			isa = PBXGroup;
			children = (
				6E9BA2D2219AC6EE00742519 /* ProductTableViewController.swift */,
				6EB94038219B11FB003EB31C /* ProductEditTableViewController.swift */,
			);
			path = Controller;
=======
		4C2784CF27E49B5043AB73C5 /* Pods */ = {
			isa = PBXGroup;
			children = (
				61F943113FF78D50223822F4 /* Pods-DrinkShopStore_IOS.debug.xcconfig */,
				21D7B564374038BB50DB5B0D /* Pods-DrinkShopStore_IOS.release.xcconfig */,
			);
			name = Pods;
>>>>>>> 24f27a87b28bdae800481b9cb90886605dbe4a89
			sourceTree = "<group>";
		};
		7BFE72B72193F265006C700B /* Controller */ = {
			isa = PBXGroup;
			children = (
				7B2B017A218D7E9E00FE1469 /* ActivitiesListTableViewController.swift */,
				7BAD1B77218D8F1A00D66B0C /* ActivitiesTableViewController.swift */,
			);
			path = Controller;
			sourceTree = "<group>";
		};
		7BFE72B92193F2C2006C700B /* Product */ = {
			isa = PBXGroup;
			children = (
				6E14116F21942A930081CFB9 /* Controller */,
				6E14116D21942A790081CFB9 /* Model */,
				7BFE72C221941DF9006C700B /* View */,
			);
			path = Product;
			sourceTree = "<group>";
		};
		7BFE72BA2193F2CA006C700B /* Activity */ = {
			isa = PBXGroup;
			children = (
				7B99ECA8219D4AC000CF4838 /* img_product_drink_shop.png */,
				7BFE72BE2193F3AC006C700B /* View */,
				7BFE72B72193F265006C700B /* Controller */,
				7B2B0178218D5FDA00FE1469 /* Activity.storyboard */,
				7BFE72B52192E30C006C700B /* photo-camera.png */,
				7BFE72BD2193F390006C700B /* Model */,
			);
			path = Activity;
			sourceTree = "<group>";
		};
		7BFE72BB2193F32A006C700B /* Order */ = {
			isa = PBXGroup;
			children = (
				6E14116E21942A8E0081CFB9 /* Controller */,
				6E14116C21942A3D0081CFB9 /* Model */,
				7BFE72C121941DF2006C700B /* View */,
			);
			path = Order;
			sourceTree = "<group>";
		};
		7BFE72BC2193F332006C700B /* Common */ = {
			isa = PBXGroup;
			children = (
				2B310E332169401E00EBAEA2 /* Main.storyboard */,
				2B310E312169401E00EBAEA2 /* ViewController.swift */,
				2B310E2F2169401E00EBAEA2 /* AppDelegate.swift */,
				7BA06097219D53CC00F08645 /* Common.swift */,
				7BFE72A9219210A5006C700B /* Communicator.swift */,
				7BAD1B7B218D96E400D66B0C /* UIImage+Resize.swift */,
			);
			path = Common;
			sourceTree = "<group>";
		};
		7BFE72BD2193F390006C700B /* Model */ = {
			isa = PBXGroup;
			children = (
				7BAD1B79218D93D800D66B0C /* Activity.swift */,
			);
			path = Model;
			sourceTree = "<group>";
		};
		7BFE72BE2193F3AC006C700B /* View */ = {
			isa = PBXGroup;
			children = (
				7BAD1BBD2191B65500D66B0C /* ActivitiesTableViewCell.swift */,
			);
			path = View;
			sourceTree = "<group>";
		};
		7BFE72C121941DF2006C700B /* View */ = {
			isa = PBXGroup;
			children = (
				7BFE72C321941E0D006C700B /* Order.storyboard */,
			);
			path = View;
			sourceTree = "<group>";
		};
		7BFE72C221941DF9006C700B /* View */ = {
			isa = PBXGroup;
			children = (
				6E9BA2D6219AC99200742519 /* ProductTableViewCell.swift */,
				7BFE72C521941E19006C700B /* Product.storyboard */,
			);
			path = View;
			sourceTree = "<group>";
		};
<<<<<<< HEAD
		C2EB69382A9818C3FD884B93 /* Frameworks */ = {
			isa = PBXGroup;
			children = (
				669AAC6382993E52A34828F9 /* Pods_DrinkShopStore_IOS.framework */,
=======
		DB775BB3686EFF76E437AF56 /* Frameworks */ = {
			isa = PBXGroup;
			children = (
				90B2BF4052AA2B4E74DA8170 /* Pods_DrinkShopStore_IOS.framework */,
>>>>>>> 24f27a87b28bdae800481b9cb90886605dbe4a89
			);
			name = Frameworks;
			sourceTree = "<group>";
		};
/* End PBXGroup section */

/* Begin PBXNativeTarget section */
		2B310E2B2169401E00EBAEA2 /* DrinkShopStore_IOS */ = {
			isa = PBXNativeTarget;
			buildConfigurationList = 2B310E3E2169401F00EBAEA2 /* Build configuration list for PBXNativeTarget "DrinkShopStore_IOS" */;
			buildPhases = (
<<<<<<< HEAD
				823BF5B9FDF122A52A84346D /* [CP] Check Pods Manifest.lock */,
				2B310E282169401E00EBAEA2 /* Sources */,
				2B310E292169401E00EBAEA2 /* Frameworks */,
				2B310E2A2169401E00EBAEA2 /* Resources */,
				06B280C4A9CB8008CA6BEF88 /* [CP] Embed Pods Frameworks */,
=======
				7AA3029789F81D6E1B1EB60C /* [CP] Check Pods Manifest.lock */,
				2B310E282169401E00EBAEA2 /* Sources */,
				2B310E292169401E00EBAEA2 /* Frameworks */,
				2B310E2A2169401E00EBAEA2 /* Resources */,
				AAA646B11B5603EA516861C2 /* [CP] Embed Pods Frameworks */,
>>>>>>> 24f27a87b28bdae800481b9cb90886605dbe4a89
			);
			buildRules = (
			);
			dependencies = (
			);
			name = DrinkShopStore_IOS;
			productName = DrinkShopStore_IOS;
			productReference = 2B310E2C2169401E00EBAEA2 /* DrinkShopStore_IOS.app */;
			productType = "com.apple.product-type.application";
		};
/* End PBXNativeTarget section */

/* Begin PBXProject section */
		2B310E242169401E00EBAEA2 /* Project object */ = {
			isa = PBXProject;
			attributes = {
				LastSwiftUpdateCheck = 1000;
				LastUpgradeCheck = 1000;
				ORGANIZATIONNAME = "Nick Wen";
				TargetAttributes = {
					2B310E2B2169401E00EBAEA2 = {
						CreatedOnToolsVersion = 10.0;
					};
				};
			};
			buildConfigurationList = 2B310E272169401E00EBAEA2 /* Build configuration list for PBXProject "DrinkShopStore_IOS" */;
			compatibilityVersion = "Xcode 9.3";
			developmentRegion = en;
			hasScannedForEncodings = 0;
			knownRegions = (
				en,
				Base,
			);
			mainGroup = 2B310E232169401E00EBAEA2;
			productRefGroup = 2B310E2D2169401E00EBAEA2 /* Products */;
			projectDirPath = "";
			projectRoot = "";
			targets = (
				2B310E2B2169401E00EBAEA2 /* DrinkShopStore_IOS */,
			);
		};
/* End PBXProject section */

/* Begin PBXResourcesBuildPhase section */
		2B310E2A2169401E00EBAEA2 /* Resources */ = {
			isa = PBXResourcesBuildPhase;
			buildActionMask = 2147483647;
			files = (
				2B310E3A2169401F00EBAEA2 /* LaunchScreen.storyboard in Resources */,
				7B2B0179218D5FDA00FE1469 /* Activity.storyboard in Resources */,
				7B99ECA9219D4AC000CF4838 /* img_product_drink_shop.png in Resources */,
				7BFE72C621941E19006C700B /* Product.storyboard in Resources */,
				2B310E372169401F00EBAEA2 /* Assets.xcassets in Resources */,
				2B310E352169401E00EBAEA2 /* Main.storyboard in Resources */,
				7BFE72B62192E30D006C700B /* photo-camera.png in Resources */,
				7BFE72C421941E0D006C700B /* Order.storyboard in Resources */,
			);
			runOnlyForDeploymentPostprocessing = 0;
		};
/* End PBXResourcesBuildPhase section */

/* Begin PBXShellScriptBuildPhase section */
<<<<<<< HEAD
		06B280C4A9CB8008CA6BEF88 /* [CP] Embed Pods Frameworks */ = {
=======
		7AA3029789F81D6E1B1EB60C /* [CP] Check Pods Manifest.lock */ = {
>>>>>>> 24f27a87b28bdae800481b9cb90886605dbe4a89
			isa = PBXShellScriptBuildPhase;
			buildActionMask = 2147483647;
			files = (
			);
			inputPaths = (
<<<<<<< HEAD
				"${SRCROOT}/Pods/Target Support Files/Pods-DrinkShopStore_IOS/Pods-DrinkShopStore_IOS-frameworks.sh",
				"${BUILT_PRODUCTS_DIR}/Alamofire/Alamofire.framework",
				"${BUILT_PRODUCTS_DIR}/SQLite.swift/SQLite.framework",
			);
			name = "[CP] Embed Pods Frameworks";
			outputPaths = (
				"${TARGET_BUILD_DIR}/${FRAMEWORKS_FOLDER_PATH}/Alamofire.framework",
				"${TARGET_BUILD_DIR}/${FRAMEWORKS_FOLDER_PATH}/SQLite.framework",
			);
			runOnlyForDeploymentPostprocessing = 0;
			shellPath = /bin/sh;
			shellScript = "\"${SRCROOT}/Pods/Target Support Files/Pods-DrinkShopStore_IOS/Pods-DrinkShopStore_IOS-frameworks.sh\"\n";
			showEnvVarsInLog = 0;
		};
		823BF5B9FDF122A52A84346D /* [CP] Check Pods Manifest.lock */ = {
=======
				"${PODS_PODFILE_DIR_PATH}/Podfile.lock",
				"${PODS_ROOT}/Manifest.lock",
			);
			name = "[CP] Check Pods Manifest.lock";
			outputPaths = (
				"$(DERIVED_FILE_DIR)/Pods-DrinkShopStore_IOS-checkManifestLockResult.txt",
			);
			runOnlyForDeploymentPostprocessing = 0;
			shellPath = /bin/sh;
			shellScript = "diff \"${PODS_PODFILE_DIR_PATH}/Podfile.lock\" \"${PODS_ROOT}/Manifest.lock\" > /dev/null\nif [ $? != 0 ] ; then\n    # print error to STDERR\n    echo \"error: The sandbox is not in sync with the Podfile.lock. Run 'pod install' or update your CocoaPods installation.\" >&2\n    exit 1\nfi\n# This output is used by Xcode 'outputs' to avoid re-running this script phase.\necho \"SUCCESS\" > \"${SCRIPT_OUTPUT_FILE_0}\"\n";
			showEnvVarsInLog = 0;
		};
		AAA646B11B5603EA516861C2 /* [CP] Embed Pods Frameworks */ = {
>>>>>>> 24f27a87b28bdae800481b9cb90886605dbe4a89
			isa = PBXShellScriptBuildPhase;
			buildActionMask = 2147483647;
			files = (
			);
			inputPaths = (
<<<<<<< HEAD
				"${PODS_PODFILE_DIR_PATH}/Podfile.lock",
				"${PODS_ROOT}/Manifest.lock",
			);
			name = "[CP] Check Pods Manifest.lock";
			outputPaths = (
				"$(DERIVED_FILE_DIR)/Pods-DrinkShopStore_IOS-checkManifestLockResult.txt",
			);
			runOnlyForDeploymentPostprocessing = 0;
			shellPath = /bin/sh;
			shellScript = "diff \"${PODS_PODFILE_DIR_PATH}/Podfile.lock\" \"${PODS_ROOT}/Manifest.lock\" > /dev/null\nif [ $? != 0 ] ; then\n    # print error to STDERR\n    echo \"error: The sandbox is not in sync with the Podfile.lock. Run 'pod install' or update your CocoaPods installation.\" >&2\n    exit 1\nfi\n# This output is used by Xcode 'outputs' to avoid re-running this script phase.\necho \"SUCCESS\" > \"${SCRIPT_OUTPUT_FILE_0}\"\n";
=======
				"${SRCROOT}/Pods/Target Support Files/Pods-DrinkShopStore_IOS/Pods-DrinkShopStore_IOS-frameworks.sh",
				"${BUILT_PRODUCTS_DIR}/Alamofire/Alamofire.framework",
			);
			name = "[CP] Embed Pods Frameworks";
			outputPaths = (
				"${TARGET_BUILD_DIR}/${FRAMEWORKS_FOLDER_PATH}/Alamofire.framework",
			);
			runOnlyForDeploymentPostprocessing = 0;
			shellPath = /bin/sh;
			shellScript = "\"${SRCROOT}/Pods/Target Support Files/Pods-DrinkShopStore_IOS/Pods-DrinkShopStore_IOS-frameworks.sh\"\n";
>>>>>>> 24f27a87b28bdae800481b9cb90886605dbe4a89
			showEnvVarsInLog = 0;
		};
/* End PBXShellScriptBuildPhase section */

/* Begin PBXSourcesBuildPhase section */
		2B310E282169401E00EBAEA2 /* Sources */ = {
			isa = PBXSourcesBuildPhase;
			buildActionMask = 2147483647;
			files = (
				6E9BA2D3219AC6EE00742519 /* ProductTableViewController.swift in Sources */,
				2B310E322169401E00EBAEA2 /* ViewController.swift in Sources */,
				7B2B017B218D7E9E00FE1469 /* ActivitiesListTableViewController.swift in Sources */,
				6E9BA2D7219AC99200742519 /* ProductTableViewCell.swift in Sources */,
				7BAD1B78218D8F1A00D66B0C /* ActivitiesTableViewController.swift in Sources */,
				7BAD1B7A218D93D800D66B0C /* Activity.swift in Sources */,
<<<<<<< HEAD
				6EB94039219B11FC003EB31C /* ProductEditTableViewController.swift in Sources */,
=======
				7BA06098219D53CC00F08645 /* Common.swift in Sources */,
>>>>>>> 24f27a87b28bdae800481b9cb90886605dbe4a89
				2B310E302169401E00EBAEA2 /* AppDelegate.swift in Sources */,
				6E14117121942BA90081CFB9 /* Category.swift in Sources */,
				7BAD1BBE2191B65500D66B0C /* ActivitiesTableViewCell.swift in Sources */,
				6E14117321942BC00081CFB9 /* Product.swift in Sources */,
				7BFE72AA219210A5006C700B /* Communicator.swift in Sources */,
				7BAD1B7C218D96E400D66B0C /* UIImage+Resize.swift in Sources */,
			);
			runOnlyForDeploymentPostprocessing = 0;
		};
/* End PBXSourcesBuildPhase section */

/* Begin PBXVariantGroup section */
		2B310E332169401E00EBAEA2 /* Main.storyboard */ = {
			isa = PBXVariantGroup;
			children = (
				2B310E342169401E00EBAEA2 /* Base */,
			);
			name = Main.storyboard;
			sourceTree = "<group>";
		};
		2B310E382169401F00EBAEA2 /* LaunchScreen.storyboard */ = {
			isa = PBXVariantGroup;
			children = (
				2B310E392169401F00EBAEA2 /* Base */,
			);
			name = LaunchScreen.storyboard;
			sourceTree = "<group>";
		};
/* End PBXVariantGroup section */

/* Begin XCBuildConfiguration section */
		2B310E3C2169401F00EBAEA2 /* Debug */ = {
			isa = XCBuildConfiguration;
			buildSettings = {
				ALWAYS_SEARCH_USER_PATHS = NO;
				CLANG_ANALYZER_NONNULL = YES;
				CLANG_ANALYZER_NUMBER_OBJECT_CONVERSION = YES_AGGRESSIVE;
				CLANG_CXX_LANGUAGE_STANDARD = "gnu++14";
				CLANG_CXX_LIBRARY = "libc++";
				CLANG_ENABLE_MODULES = YES;
				CLANG_ENABLE_OBJC_ARC = YES;
				CLANG_ENABLE_OBJC_WEAK = YES;
				CLANG_WARN_BLOCK_CAPTURE_AUTORELEASING = YES;
				CLANG_WARN_BOOL_CONVERSION = YES;
				CLANG_WARN_COMMA = YES;
				CLANG_WARN_CONSTANT_CONVERSION = YES;
				CLANG_WARN_DEPRECATED_OBJC_IMPLEMENTATIONS = YES;
				CLANG_WARN_DIRECT_OBJC_ISA_USAGE = YES_ERROR;
				CLANG_WARN_DOCUMENTATION_COMMENTS = YES;
				CLANG_WARN_EMPTY_BODY = YES;
				CLANG_WARN_ENUM_CONVERSION = YES;
				CLANG_WARN_INFINITE_RECURSION = YES;
				CLANG_WARN_INT_CONVERSION = YES;
				CLANG_WARN_NON_LITERAL_NULL_CONVERSION = YES;
				CLANG_WARN_OBJC_IMPLICIT_RETAIN_SELF = YES;
				CLANG_WARN_OBJC_LITERAL_CONVERSION = YES;
				CLANG_WARN_OBJC_ROOT_CLASS = YES_ERROR;
				CLANG_WARN_RANGE_LOOP_ANALYSIS = YES;
				CLANG_WARN_STRICT_PROTOTYPES = YES;
				CLANG_WARN_SUSPICIOUS_MOVE = YES;
				CLANG_WARN_UNGUARDED_AVAILABILITY = YES_AGGRESSIVE;
				CLANG_WARN_UNREACHABLE_CODE = YES;
				CLANG_WARN__DUPLICATE_METHOD_MATCH = YES;
				CODE_SIGN_IDENTITY = "iPhone Developer";
				COPY_PHASE_STRIP = NO;
				DEBUG_INFORMATION_FORMAT = dwarf;
				ENABLE_STRICT_OBJC_MSGSEND = YES;
				ENABLE_TESTABILITY = YES;
				GCC_C_LANGUAGE_STANDARD = gnu11;
				GCC_DYNAMIC_NO_PIC = NO;
				GCC_NO_COMMON_BLOCKS = YES;
				GCC_OPTIMIZATION_LEVEL = 0;
				GCC_PREPROCESSOR_DEFINITIONS = (
					"DEBUG=1",
					"$(inherited)",
				);
				GCC_WARN_64_TO_32_BIT_CONVERSION = YES;
				GCC_WARN_ABOUT_RETURN_TYPE = YES_ERROR;
				GCC_WARN_UNDECLARED_SELECTOR = YES;
				GCC_WARN_UNINITIALIZED_AUTOS = YES_AGGRESSIVE;
				GCC_WARN_UNUSED_FUNCTION = YES;
				GCC_WARN_UNUSED_VARIABLE = YES;
				IPHONEOS_DEPLOYMENT_TARGET = 12.0;
				MTL_ENABLE_DEBUG_INFO = INCLUDE_SOURCE;
				MTL_FAST_MATH = YES;
				ONLY_ACTIVE_ARCH = YES;
				SDKROOT = iphoneos;
				SWIFT_ACTIVE_COMPILATION_CONDITIONS = DEBUG;
				SWIFT_OPTIMIZATION_LEVEL = "-Onone";
			};
			name = Debug;
		};
		2B310E3D2169401F00EBAEA2 /* Release */ = {
			isa = XCBuildConfiguration;
			buildSettings = {
				ALWAYS_SEARCH_USER_PATHS = NO;
				CLANG_ANALYZER_NONNULL = YES;
				CLANG_ANALYZER_NUMBER_OBJECT_CONVERSION = YES_AGGRESSIVE;
				CLANG_CXX_LANGUAGE_STANDARD = "gnu++14";
				CLANG_CXX_LIBRARY = "libc++";
				CLANG_ENABLE_MODULES = YES;
				CLANG_ENABLE_OBJC_ARC = YES;
				CLANG_ENABLE_OBJC_WEAK = YES;
				CLANG_WARN_BLOCK_CAPTURE_AUTORELEASING = YES;
				CLANG_WARN_BOOL_CONVERSION = YES;
				CLANG_WARN_COMMA = YES;
				CLANG_WARN_CONSTANT_CONVERSION = YES;
				CLANG_WARN_DEPRECATED_OBJC_IMPLEMENTATIONS = YES;
				CLANG_WARN_DIRECT_OBJC_ISA_USAGE = YES_ERROR;
				CLANG_WARN_DOCUMENTATION_COMMENTS = YES;
				CLANG_WARN_EMPTY_BODY = YES;
				CLANG_WARN_ENUM_CONVERSION = YES;
				CLANG_WARN_INFINITE_RECURSION = YES;
				CLANG_WARN_INT_CONVERSION = YES;
				CLANG_WARN_NON_LITERAL_NULL_CONVERSION = YES;
				CLANG_WARN_OBJC_IMPLICIT_RETAIN_SELF = YES;
				CLANG_WARN_OBJC_LITERAL_CONVERSION = YES;
				CLANG_WARN_OBJC_ROOT_CLASS = YES_ERROR;
				CLANG_WARN_RANGE_LOOP_ANALYSIS = YES;
				CLANG_WARN_STRICT_PROTOTYPES = YES;
				CLANG_WARN_SUSPICIOUS_MOVE = YES;
				CLANG_WARN_UNGUARDED_AVAILABILITY = YES_AGGRESSIVE;
				CLANG_WARN_UNREACHABLE_CODE = YES;
				CLANG_WARN__DUPLICATE_METHOD_MATCH = YES;
				CODE_SIGN_IDENTITY = "iPhone Developer";
				COPY_PHASE_STRIP = NO;
				DEBUG_INFORMATION_FORMAT = "dwarf-with-dsym";
				ENABLE_NS_ASSERTIONS = NO;
				ENABLE_STRICT_OBJC_MSGSEND = YES;
				GCC_C_LANGUAGE_STANDARD = gnu11;
				GCC_NO_COMMON_BLOCKS = YES;
				GCC_WARN_64_TO_32_BIT_CONVERSION = YES;
				GCC_WARN_ABOUT_RETURN_TYPE = YES_ERROR;
				GCC_WARN_UNDECLARED_SELECTOR = YES;
				GCC_WARN_UNINITIALIZED_AUTOS = YES_AGGRESSIVE;
				GCC_WARN_UNUSED_FUNCTION = YES;
				GCC_WARN_UNUSED_VARIABLE = YES;
				IPHONEOS_DEPLOYMENT_TARGET = 12.0;
				MTL_ENABLE_DEBUG_INFO = NO;
				MTL_FAST_MATH = YES;
				SDKROOT = iphoneos;
				SWIFT_COMPILATION_MODE = wholemodule;
				SWIFT_OPTIMIZATION_LEVEL = "-O";
				VALIDATE_PRODUCT = YES;
			};
			name = Release;
		};
		2B310E3F2169401F00EBAEA2 /* Debug */ = {
			isa = XCBuildConfiguration;
<<<<<<< HEAD
			baseConfigurationReference = B759144AEEAACC6CD3303417 /* Pods-DrinkShopStore_IOS.debug.xcconfig */;
=======
			baseConfigurationReference = 61F943113FF78D50223822F4 /* Pods-DrinkShopStore_IOS.debug.xcconfig */;
>>>>>>> 24f27a87b28bdae800481b9cb90886605dbe4a89
			buildSettings = {
				ASSETCATALOG_COMPILER_APPICON_NAME = AppIcon;
				CODE_SIGN_STYLE = Automatic;
				INFOPLIST_FILE = DrinkShopStore_IOS/Info.plist;
				LD_RUNPATH_SEARCH_PATHS = (
					"$(inherited)",
					"@executable_path/Frameworks",
				);
				PRODUCT_BUNDLE_IDENTIFIER = "nick.com.DrinkShopStore-IOS";
				PRODUCT_NAME = "$(TARGET_NAME)";
				SWIFT_VERSION = 4.2;
				TARGETED_DEVICE_FAMILY = "1,2";
			};
			name = Debug;
		};
		2B310E402169401F00EBAEA2 /* Release */ = {
			isa = XCBuildConfiguration;
<<<<<<< HEAD
			baseConfigurationReference = CCBC2FD3C2F8D202A05664A8 /* Pods-DrinkShopStore_IOS.release.xcconfig */;
=======
			baseConfigurationReference = 21D7B564374038BB50DB5B0D /* Pods-DrinkShopStore_IOS.release.xcconfig */;
>>>>>>> 24f27a87b28bdae800481b9cb90886605dbe4a89
			buildSettings = {
				ASSETCATALOG_COMPILER_APPICON_NAME = AppIcon;
				CODE_SIGN_STYLE = Automatic;
				INFOPLIST_FILE = DrinkShopStore_IOS/Info.plist;
				LD_RUNPATH_SEARCH_PATHS = (
					"$(inherited)",
					"@executable_path/Frameworks",
				);
				PRODUCT_BUNDLE_IDENTIFIER = "nick.com.DrinkShopStore-IOS";
				PRODUCT_NAME = "$(TARGET_NAME)";
				SWIFT_VERSION = 4.2;
				TARGETED_DEVICE_FAMILY = "1,2";
			};
			name = Release;
		};
/* End XCBuildConfiguration section */

/* Begin XCConfigurationList section */
		2B310E272169401E00EBAEA2 /* Build configuration list for PBXProject "DrinkShopStore_IOS" */ = {
			isa = XCConfigurationList;
			buildConfigurations = (
				2B310E3C2169401F00EBAEA2 /* Debug */,
				2B310E3D2169401F00EBAEA2 /* Release */,
			);
			defaultConfigurationIsVisible = 0;
			defaultConfigurationName = Release;
		};
		2B310E3E2169401F00EBAEA2 /* Build configuration list for PBXNativeTarget "DrinkShopStore_IOS" */ = {
			isa = XCConfigurationList;
			buildConfigurations = (
				2B310E3F2169401F00EBAEA2 /* Debug */,
				2B310E402169401F00EBAEA2 /* Release */,
			);
			defaultConfigurationIsVisible = 0;
			defaultConfigurationName = Release;
		};
/* End XCConfigurationList section */
	};
	rootObject = 2B310E242169401E00EBAEA2 /* Project object */;
}
